
Microsoft Visual Studio Solution File, Format Version 12.00
# Visual Studio Version 17
VisualStudioVersion = 17.10.35122.118
MinimumVisualStudioVersion = 10.0.40219.1
Project("{FAE04EC0-301F-11D3-BF4B-00C04F79EFBC}") = "SchoopFunctionApp", "SchoopFunctionApp\SchoopFunctionApp.csproj", "{E2DF4D05-8088-4047-86E7-B83B52262BE1}"
EndProject
Global
	GlobalSection(SolutionConfigurationPlatforms) = preSolution
		Debug|Any CPU = Debug|Any CPU
		Release|Any CPU = Release|Any CPU
	EndGlobalSection
	GlobalSection(ProjectConfigurationPlatforms) = postSolution
		{E2DF4D05-8088-4047-86E7-B83B52262BE1}.Debug|Any CPU.ActiveCfg = Debug|Any CPU
		{E2DF4D05-8088-4047-86E7-B83B52262BE1}.Debug|Any CPU.Build.0 = Debug|Any CPU
		{E2DF4D05-8088-4047-86E7-B83B52262BE1}.Release|Any CPU.ActiveCfg = Release|Any CPU
		{E2DF4D05-8088-4047-86E7-B83B52262BE1}.Release|Any CPU.Build.0 = Release|Any CPU
	EndGlobalSection
	GlobalSection(SolutionProperties) = preSolution
		HideSolutionNode = FALSE
	EndGlobalSection
	GlobalSection(ExtensibilityGlobals) = postSolution
		SolutionGuid = {9BF7BC3B-2341-4DE3-B87E-CBFD8836A3B1}
	EndGlobalSection
EndGlobal
